
Microsoft Visual Studio Solution File, Format Version 12.00
# Visual Studio Version 16
VisualStudioVersion = 16.0.29519.87
MinimumVisualStudioVersion = 10.0.40219.1
Project("{FAE04EC0-301F-11D3-BF4B-00C04F79EFBC}") = "WeatherApp.Android", "WeatherApp\WeatherApp.Android\WeatherApp.Android.csproj", "{5C523B8A-119B-4FBB-BF2E-B451928ED747}"
EndProject
Project("{FAE04EC0-301F-11D3-BF4B-00C04F79EFBC}") = "WeatherApp.iOS", "WeatherApp\WeatherApp.iOS\WeatherApp.iOS.csproj", "{A27A45F8-9638-4D24-946E-0564D62D2A41}"
EndProject
Project("{9A19103F-16F7-4668-BE54-9A1E7A4F7556}") = "WeatherApp", "WeatherApp\WeatherApp\WeatherApp.csproj", "{3420D4ED-FC2C-46A2-B9A6-95E0141247E8}"
EndProject
Project("{FAE04EC0-301F-11D3-BF4B-00C04F79EFBC}") = "WeatherApp.UWP", "WeatherApp.UWP\WeatherApp.UWP.csproj", "{74187CDF-7803-42B5-B468-7205642176AA}"
EndProject
Global
	GlobalSection(SolutionConfigurationPlatforms) = preSolution
		Debug|Any CPU = Debug|Any CPU
		Debug|ARM = Debug|ARM
		Debug|ARM64 = Debug|ARM64
		Debug|iPhone = Debug|iPhone
		Debug|iPhoneSimulator = Debug|iPhoneSimulator
		Debug|x64 = Debug|x64
		Debug|x86 = Debug|x86
		Release|Any CPU = Release|Any CPU
		Release|ARM = Release|ARM
		Release|ARM64 = Release|ARM64
		Release|iPhone = Release|iPhone
		Release|iPhoneSimulator = Release|iPhoneSimulator
		Release|x64 = Release|x64
		Release|x86 = Release|x86
	EndGlobalSection
	GlobalSection(ProjectConfigurationPlatforms) = postSolution
		{5C523B8A-119B-4FBB-BF2E-B451928ED747}.Debug|Any CPU.ActiveCfg = Debug|Any CPU
		{5C523B8A-119B-4FBB-BF2E-B451928ED747}.Debug|Any CPU.Build.0 = Debug|Any CPU
		{5C523B8A-119B-4FBB-BF2E-B451928ED747}.Debug|Any CPU.Deploy.0 = Debug|Any CPU
		{5C523B8A-119B-4FBB-BF2E-B451928ED747}.Debug|ARM.ActiveCfg = Debug|Any CPU
		{5C523B8A-119B-4FBB-BF2E-B451928ED747}.Debug|ARM.Build.0 = Debug|Any CPU
		{5C523B8A-119B-4FBB-BF2E-B451928ED747}.Debug|ARM.Deploy.0 = Debug|Any CPU
		{5C523B8A-119B-4FBB-BF2E-B451928ED747}.Debug|ARM64.ActiveCfg = Debug|Any CPU
		{5C523B8A-119B-4FBB-BF2E-B451928ED747}.Debug|ARM64.Build.0 = Debug|Any CPU
		{5C523B8A-119B-4FBB-BF2E-B451928ED747}.Debug|ARM64.Deploy.0 = Debug|Any CPU
		{5C523B8A-119B-4FBB-BF2E-B451928ED747}.Debug|iPhone.ActiveCfg = Debug|Any CPU
		{5C523B8A-119B-4FBB-BF2E-B451928ED747}.Debug|iPhone.Build.0 = Debug|Any CPU
		{5C523B8A-119B-4FBB-BF2E-B451928ED747}.Debug|iPhone.Deploy.0 = Debug|Any CPU
		{5C523B8A-119B-4FBB-BF2E-B451928ED747}.Debug|iPhoneSimulator.ActiveCfg = Debug|Any CPU
		{5C523B8A-119B-4FBB-BF2E-B451928ED747}.Debug|iPhoneSimulator.Build.0 = Debug|Any CPU
		{5C523B8A-119B-4FBB-BF2E-B451928ED747}.Debug|iPhoneSimulator.Deploy.0 = Debug|Any CPU
		{5C523B8A-119B-4FBB-BF2E-B451928ED747}.Debug|x64.ActiveCfg = Debug|Any CPU
		{5C523B8A-119B-4FBB-BF2E-B451928ED747}.Debug|x64.Build.0 = Debug|Any CPU
		{5C523B8A-119B-4FBB-BF2E-B451928ED747}.Debug|x64.Deploy.0 = Debug|Any CPU
		{5C523B8A-119B-4FBB-BF2E-B451928ED747}.Debug|x86.ActiveCfg = Debug|Any CPU
		{5C523B8A-119B-4FBB-BF2E-B451928ED747}.Debug|x86.Build.0 = Debug|Any CPU
		{5C523B8A-119B-4FBB-BF2E-B451928ED747}.Debug|x86.Deploy.0 = Debug|Any CPU
		{5C523B8A-119B-4FBB-BF2E-B451928ED747}.Release|Any CPU.ActiveCfg = Release|Any CPU
		{5C523B8A-119B-4FBB-BF2E-B451928ED747}.Release|Any CPU.Build.0 = Release|Any CPU
		{5C523B8A-119B-4FBB-BF2E-B451928ED747}.Release|Any CPU.Deploy.0 = Release|Any CPU
		{5C523B8A-119B-4FBB-BF2E-B451928ED747}.Release|ARM.ActiveCfg = Release|Any CPU
		{5C523B8A-119B-4FBB-BF2E-B451928ED747}.Release|ARM.Build.0 = Release|Any CPU
		{5C523B8A-119B-4FBB-BF2E-B451928ED747}.Release|ARM.Deploy.0 = Release|Any CPU
		{5C523B8A-119B-4FBB-BF2E-B451928ED747}.Release|ARM64.ActiveCfg = Release|Any CPU
		{5C523B8A-119B-4FBB-BF2E-B451928ED747}.Release|ARM64.Build.0 = Release|Any CPU
		{5C523B8A-119B-4FBB-BF2E-B451928ED747}.Release|ARM64.Deploy.0 = Release|Any CPU
		{5C523B8A-119B-4FBB-BF2E-B451928ED747}.Release|iPhone.ActiveCfg = Release|Any CPU
		{5C523B8A-119B-4FBB-BF2E-B451928ED747}.Release|iPhone.Build.0 = Release|Any CPU
		{5C523B8A-119B-4FBB-BF2E-B451928ED747}.Release|iPhone.Deploy.0 = Release|Any CPU
		{5C523B8A-119B-4FBB-BF2E-B451928ED747}.Release|iPhoneSimulator.ActiveCfg = Release|Any CPU
		{5C523B8A-119B-4FBB-BF2E-B451928ED747}.Release|iPhoneSimulator.Build.0 = Release|Any CPU
		{5C523B8A-119B-4FBB-BF2E-B451928ED747}.Release|iPhoneSimulator.Deploy.0 = Release|Any CPU
		{5C523B8A-119B-4FBB-BF2E-B451928ED747}.Release|x64.ActiveCfg = Release|Any CPU
		{5C523B8A-119B-4FBB-BF2E-B451928ED747}.Release|x64.Build.0 = Release|Any CPU
		{5C523B8A-119B-4FBB-BF2E-B451928ED747}.Release|x64.Deploy.0 = Release|Any CPU
		{5C523B8A-119B-4FBB-BF2E-B451928ED747}.Release|x86.ActiveCfg = Release|Any CPU
		{5C523B8A-119B-4FBB-BF2E-B451928ED747}.Release|x86.Build.0 = Release|Any CPU
		{5C523B8A-119B-4FBB-BF2E-B451928ED747}.Release|x86.Deploy.0 = Release|Any CPU
		{A27A45F8-9638-4D24-946E-0564D62D2A41}.Debug|Any CPU.ActiveCfg = Debug|iPhoneSimulator
		{A27A45F8-9638-4D24-946E-0564D62D2A41}.Debug|Any CPU.Build.0 = Debug|iPhoneSimulator
		{A27A45F8-9638-4D24-946E-0564D62D2A41}.Debug|Any CPU.Deploy.0 = Debug|iPhoneSimulator
		{A27A45F8-9638-4D24-946E-0564D62D2A41}.Debug|ARM.ActiveCfg = Debug|iPhone
		{A27A45F8-9638-4D24-946E-0564D62D2A41}.Debug|ARM64.ActiveCfg = Debug|iPhone
		{A27A45F8-9638-4D24-946E-0564D62D2A41}.Debug|iPhone.ActiveCfg = Debug|iPhone
		{A27A45F8-9638-4D24-946E-0564D62D2A41}.Debug|iPhone.Build.0 = Debug|iPhone
		{A27A45F8-9638-4D24-946E-0564D62D2A41}.Debug|iPhone.Deploy.0 = Debug|iPhone
		{A27A45F8-9638-4D24-946E-0564D62D2A41}.Debug|iPhoneSimulator.ActiveCfg = Debug|iPhoneSimulator
		{A27A45F8-9638-4D24-946E-0564D62D2A41}.Debug|iPhoneSimulator.Build.0 = Debug|iPhoneSimulator
		{A27A45F8-9638-4D24-946E-0564D62D2A41}.Debug|iPhoneSimulator.Deploy.0 = Debug|iPhoneSimulator
		{A27A45F8-9638-4D24-946E-0564D62D2A41}.Debug|x64.ActiveCfg = Debug|iPhone
		{A27A45F8-9638-4D24-946E-0564D62D2A41}.Debug|x86.ActiveCfg = Debug|iPhone
		{A27A45F8-9638-4D24-946E-0564D62D2A41}.Release|Any CPU.ActiveCfg = Release|iPhone
		{A27A45F8-9638-4D24-946E-0564D62D2A41}.Release|Any CPU.Build.0 = Release|iPhone
		{A27A45F8-9638-4D24-946E-0564D62D2A41}.Release|Any CPU.Deploy.0 = Release|iPhone
		{A27A45F8-9638-4D24-946E-0564D62D2A41}.Release|ARM.ActiveCfg = Release|iPhoneSimulator
		{A27A45F8-9638-4D24-946E-0564D62D2A41}.Release|ARM64.ActiveCfg = Release|iPhoneSimulator
		{A27A45F8-9638-4D24-946E-0564D62D2A41}.Release|iPhone.ActiveCfg = Release|iPhone
		{A27A45F8-9638-4D24-946E-0564D62D2A41}.Release|iPhone.Build.0 = Release|iPhone
		{A27A45F8-9638-4D24-946E-0564D62D2A41}.Release|iPhone.Deploy.0 = Release|iPhone
		{A27A45F8-9638-4D24-946E-0564D62D2A41}.Release|iPhoneSimulator.ActiveCfg = Release|iPhoneSimulator
		{A27A45F8-9638-4D24-946E-0564D62D2A41}.Release|iPhoneSimulator.Build.0 = Release|iPhoneSimulator
		{A27A45F8-9638-4D24-946E-0564D62D2A41}.Release|iPhoneSimulator.Deploy.0 = Release|iPhoneSimulator
		{A27A45F8-9638-4D24-946E-0564D62D2A41}.Release|x64.ActiveCfg = Release|iPhoneSimulator
		{A27A45F8-9638-4D24-946E-0564D62D2A41}.Release|x86.ActiveCfg = Release|iPhoneSimulator
		{3420D4ED-FC2C-46A2-B9A6-95E0141247E8}.Debug|Any CPU.ActiveCfg = Debug|Any CPU
		{3420D4ED-FC2C-46A2-B9A6-95E0141247E8}.Debug|Any CPU.Build.0 = Debug|Any CPU
		{3420D4ED-FC2C-46A2-B9A6-95E0141247E8}.Debug|Any CPU.Deploy.0 = Debug|Any CPU
		{3420D4ED-FC2C-46A2-B9A6-95E0141247E8}.Debug|ARM.ActiveCfg = Debug|Any CPU
		{3420D4ED-FC2C-46A2-B9A6-95E0141247E8}.Debug|ARM.Build.0 = Debug|Any CPU
		{3420D4ED-FC2C-46A2-B9A6-95E0141247E8}.Debug|ARM64.ActiveCfg = Debug|Any CPU
		{3420D4ED-FC2C-46A2-B9A6-95E0141247E8}.Debug|ARM64.Build.0 = Debug|Any CPU
		{3420D4ED-FC2C-46A2-B9A6-95E0141247E8}.Debug|iPhone.ActiveCfg = Debug|Any CPU
		{3420D4ED-FC2C-46A2-B9A6-95E0141247E8}.Debug|iPhone.Build.0 = Debug|Any CPU
		{3420D4ED-FC2C-46A2-B9A6-95E0141247E8}.Debug|iPhone.Deploy.0 = Debug|Any CPU
		{3420D4ED-FC2C-46A2-B9A6-95E0141247E8}.Debug|iPhoneSimulator.ActiveCfg = Debug|Any CPU
		{3420D4ED-FC2C-46A2-B9A6-95E0141247E8}.Debug|iPhoneSimulator.Build.0 = Debug|Any CPU
		{3420D4ED-FC2C-46A2-B9A6-95E0141247E8}.Debug|iPhoneSimulator.Deploy.0 = Debug|Any CPU
		{3420D4ED-FC2C-46A2-B9A6-95E0141247E8}.Debug|x64.ActiveCfg = Debug|Any CPU
		{3420D4ED-FC2C-46A2-B9A6-95E0141247E8}.Debug|x64.Build.0 = Debug|Any CPU
		{3420D4ED-FC2C-46A2-B9A6-95E0141247E8}.Debug|x86.ActiveCfg = Debug|Any CPU
		{3420D4ED-FC2C-46A2-B9A6-95E0141247E8}.Debug|x86.Build.0 = Debug|Any CPU
		{3420D4ED-FC2C-46A2-B9A6-95E0141247E8}.Release|Any CPU.ActiveCfg = Release|Any CPU
		{3420D4ED-FC2C-46A2-B9A6-95E0141247E8}.Release|Any CPU.Build.0 = Release|Any CPU
		{3420D4ED-FC2C-46A2-B9A6-95E0141247E8}.Release|Any CPU.Deploy.0 = Release|Any CPU
		{3420D4ED-FC2C-46A2-B9A6-95E0141247E8}.Release|ARM.ActiveCfg = Release|Any CPU
		{3420D4ED-FC2C-46A2-B9A6-95E0141247E8}.Release|ARM.Build.0 = Release|Any CPU
		{3420D4ED-FC2C-46A2-B9A6-95E0141247E8}.Release|ARM64.ActiveCfg = Release|Any CPU
		{3420D4ED-FC2C-46A2-B9A6-95E0141247E8}.Release|ARM64.Build.0 = Release|Any CPU
		{3420D4ED-FC2C-46A2-B9A6-95E0141247E8}.Release|iPhone.ActiveCfg = Release|Any CPU
		{3420D4ED-FC2C-46A2-B9A6-95E0141247E8}.Release|iPhone.Build.0 = Release|Any CPU
		{3420D4ED-FC2C-46A2-B9A6-95E0141247E8}.Release|iPhone.Deploy.0 = Release|Any CPU
		{3420D4ED-FC2C-46A2-B9A6-95E0141247E8}.Release|iPhoneSimulator.ActiveCfg = Release|Any CPU
		{3420D4ED-FC2C-46A2-B9A6-95E0141247E8}.Release|iPhoneSimulator.Build.0 = Release|Any CPU
		{3420D4ED-FC2C-46A2-B9A6-95E0141247E8}.Release|iPhoneSimulator.Deploy.0 = Release|Any CPU
		{3420D4ED-FC2C-46A2-B9A6-95E0141247E8}.Release|x64.ActiveCfg = Release|Any CPU
		{3420D4ED-FC2C-46A2-B9A6-95E0141247E8}.Release|x64.Build.0 = Release|Any CPU
		{3420D4ED-FC2C-46A2-B9A6-95E0141247E8}.Release|x86.ActiveCfg = Release|Any CPU
		{3420D4ED-FC2C-46A2-B9A6-95E0141247E8}.Release|x86.Build.0 = Release|Any CPU
		{74187CDF-7803-42B5-B468-7205642176AA}.Debug|Any CPU.ActiveCfg = Debug|x86
		{74187CDF-7803-42B5-B468-7205642176AA}.Debug|Any CPU.Build.0 = Debug|x86
		{74187CDF-7803-42B5-B468-7205642176AA}.Debug|Any CPU.Deploy.0 = Debug|x86
		{74187CDF-7803-42B5-B468-7205642176AA}.Debug|ARM.ActiveCfg = Debug|ARM
		{74187CDF-7803-42B5-B468-7205642176AA}.Debug|ARM.Build.0 = Debug|ARM
		{74187CDF-7803-42B5-B468-7205642176AA}.Debug|ARM.Deploy.0 = Debug|ARM
		{74187CDF-7803-42B5-B468-7205642176AA}.Debug|ARM64.ActiveCfg = Debug|ARM64
		{74187CDF-7803-42B5-B468-7205642176AA}.Debug|ARM64.Build.0 = Debug|ARM64
		{74187CDF-7803-42B5-B468-7205642176AA}.Debug|ARM64.Deploy.0 = Debug|ARM64
		{74187CDF-7803-42B5-B468-7205642176AA}.Debug|iPhone.ActiveCfg = Debug|x86
		{74187CDF-7803-42B5-B468-7205642176AA}.Debug|iPhoneSimulator.ActiveCfg = Debug|x86
		{74187CDF-7803-42B5-B468-7205642176AA}.Debug|x64.ActiveCfg = Debug|x64
		{74187CDF-7803-42B5-B468-7205642176AA}.Debug|x64.Build.0 = Debug|x64
		{74187CDF-7803-42B5-B468-7205642176AA}.Debug|x64.Deploy.0 = Debug|x64
		{74187CDF-7803-42B5-B468-7205642176AA}.Debug|x86.ActiveCfg = Debug|x86
		{74187CDF-7803-42B5-B468-7205642176AA}.Debug|x86.Build.0 = Debug|x86
		{74187CDF-7803-42B5-B468-7205642176AA}.Debug|x86.Deploy.0 = Debug|x86
		{74187CDF-7803-42B5-B468-7205642176AA}.Release|Any CPU.ActiveCfg = Release|x86
		{74187CDF-7803-42B5-B468-7205642176AA}.Release|ARM.ActiveCfg = Release|ARM
		{74187CDF-7803-42B5-B468-7205642176AA}.Release|ARM.Build.0 = Release|ARM
		{74187CDF-7803-42B5-B468-7205642176AA}.Release|ARM.Deploy.0 = Release|ARM
		{74187CDF-7803-42B5-B468-7205642176AA}.Release|ARM64.ActiveCfg = Release|ARM64
		{74187CDF-7803-42B5-B468-7205642176AA}.Release|ARM64.Build.0 = Release|ARM64
		{74187CDF-7803-42B5-B468-7205642176AA}.Release|ARM64.Deploy.0 = Release|ARM64
		{74187CDF-7803-42B5-B468-7205642176AA}.Release|iPhone.ActiveCfg = Release|x86
		{74187CDF-7803-42B5-B468-7205642176AA}.Release|iPhoneSimulator.ActiveCfg = Release|x86
		{74187CDF-7803-42B5-B468-7205642176AA}.Release|x64.ActiveCfg = Release|x64
		{74187CDF-7803-42B5-B468-7205642176AA}.Release|x64.Build.0 = Release|x64
		{74187CDF-7803-42B5-B468-7205642176AA}.Release|x64.Deploy.0 = Release|x64
		{74187CDF-7803-42B5-B468-7205642176AA}.Release|x86.ActiveCfg = Release|x86
		{74187CDF-7803-42B5-B468-7205642176AA}.Release|x86.Build.0 = Release|x86
		{74187CDF-7803-42B5-B468-7205642176AA}.Release|x86.Deploy.0 = Release|x86
	EndGlobalSection
	GlobalSection(SolutionProperties) = preSolution
		HideSolutionNode = FALSE
	EndGlobalSection
	GlobalSection(ExtensibilityGlobals) = postSolution
		SolutionGuid = {747C5EA0-824B-48CF-9F12-4B4C0794FECF}
	EndGlobalSection
EndGlobal
